
Microsoft Visual Studio Solution File, Format Version 12.00
# Visual Studio Version 16
VisualStudioVersion = 16.0.31424.327
MinimumVisualStudioVersion = 10.0.40219.1
Project("{9A19103F-16F7-4668-BE54-9A1E7A4F7556}") = "AttendanceRESTful", "AttendanceRESTful\AttendanceRESTful.csproj", "{0FEF9A2B-791B-43C3-A6C1-B350F326F80E}"
EndProject
Project("{9A19103F-16F7-4668-BE54-9A1E7A4F7556}") = "TestProject1", "TestProject1\TestProject1.csproj", "{8A70EAE5-588A-4910-AB6D-6FFBBB1437AE}"
EndProject
Project("{9A19103F-16F7-4668-BE54-9A1E7A4F7556}") = "Attendance.Model", "AttendanceRESTful.Models\Attendance.Model.csproj", "{4BCE3322-F681-4121-AA74-B07F13D0FB01}"
EndProject
Project("{9A19103F-16F7-4668-BE54-9A1E7A4F7556}") = "Attendance", "Attendance\Attendance.csproj", "{DCBA98AD-268C-424C-9551-A76C8348E884}"
EndProject
Project("{9A19103F-16F7-4668-BE54-9A1E7A4F7556}") = "Attendance.core.Common", "Attendance.core.Common\Attendance.core.Common.csproj", "{FB272051-E52A-4AAC-9326-1712CA51AEC4}"
EndProject
Project("{9A19103F-16F7-4668-BE54-9A1E7A4F7556}") = "Attendance.IRepository", "Attendance.IRepository\Attendance.IRepository.csproj", "{18EB30ED-12EE-4942-998A-FD9C4F791042}"
EndProject
Project("{9A19103F-16F7-4668-BE54-9A1E7A4F7556}") = "Attendance.Repository", "Attendance.Repository\Attendance.Repository.csproj", "{C3D83E34-5FEC-470A-822A-1E808380DDD2}"
EndProject
Project("{9A19103F-16F7-4668-BE54-9A1E7A4F7556}") = "Attendance.IService", "Attendance.IService\Attendance.IService.csproj", "{69454410-D46B-4D01-B521-E142B279DFDA}"
EndProject
Project("{9A19103F-16F7-4668-BE54-9A1E7A4F7556}") = "Attendance.Service", "Attendance.Service\Attendance.Service.csproj", "{1E826D2B-E975-4DA0-B5EF-6A53254F7F90}"
EndProject
Project("{2150E333-8FDC-42A3-9474-1A3956D46DE8}") = "MEF", "MEF", "{DA442AEE-2EC5-4847-86CE-2F2741DBDA6C}"
EndProject
Project("{2150E333-8FDC-42A3-9474-1A3956D46DE8}") = "Plug", "Plug", "{C087BF51-4303-4609-831C-BCE3693894D0}"
EndProject
Project("{9A19103F-16F7-4668-BE54-9A1E7A4F7556}") = "WpfLibrary1", "WpfLibrary1\WpfLibrary1.csproj", "{FB324C01-A041-41A8-B213-BC48247B8E88}"
EndProject
Project("{9A19103F-16F7-4668-BE54-9A1E7A4F7556}") = "AppWithPlugin", "AppWithPlugin\AppWithPlugin.csproj", "{7DC8B0BD-0C12-4BF4-BB0E-C969CFADE8D8}"
EndProject
Project("{9A19103F-16F7-4668-BE54-9A1E7A4F7556}") = "PluginBase", "PluginBase\PluginBase.csproj", "{D4B9F7B7-37C3-42C9-A7CE-F8D310477846}"
EndProject
Project("{9A19103F-16F7-4668-BE54-9A1E7A4F7556}") = "HelloPlugin", "HelloPlugin\HelloPlugin.csproj", "{AD74A83E-61EC-45F4-AEB8-CDB296D0F1A7}"
EndProject
Project("{2150E333-8FDC-42A3-9474-1A3956D46DE8}") = "MEF", "MEF", "{713BA0A7-1229-45DC-BFA2-42C3519E3775}"
EndProject
Project("{9A19103F-16F7-4668-BE54-9A1E7A4F7556}") = "MefSample.Core", "MefSample.Core\MefSample.Core.csproj", "{BF291B30-FAAB-40DF-BFF3-B0798BEBC0C9}"
EndProject
Project("{9A19103F-16F7-4668-BE54-9A1E7A4F7556}") = "MefSample.Plugin1", "MefSample.Plugin1\MefSample.Plugin1.csproj", "{070EF40E-2D7E-410D-8BA3-2821ED92B011}"
EndProject
Project("{9A19103F-16F7-4668-BE54-9A1E7A4F7556}") = "MefSample.Plugin2", "MefSample.Plugin2\MefSample.Plugin2.csproj", "{292EC06D-1EEC-4F45-A900-0A3492BC20A1}"
EndProject
Project("{9A19103F-16F7-4668-BE54-9A1E7A4F7556}") = "MefSample", "MefSample\MefSample.csproj", "{C931A910-B521-4CFC-82B7-F56EBD6F04AF}"
EndProject
Project("{9A19103F-16F7-4668-BE54-9A1E7A4F7556}") = "MefSample.Service", "MefSample.Service\MefSample.Service.csproj", "{BB5ED485-1C6C-44CF-ABF8-5AAD192A5B85}"
EndProject
Project("{9A19103F-16F7-4668-BE54-9A1E7A4F7556}") = "MefSample.IService", "MefSample.IService\MefSample.IService.csproj", "{EF9036C0-CA34-42BE-9D5C-8BC289D4523D}"
EndProject
Project("{2150E333-8FDC-42A3-9474-1A3956D46DE8}") = "WPFMEF", "WPFMEF", "{CDDF5CDB-BC07-418A-A5E3-5287D79DCA8D}"
EndProject
Project("{FAE04EC0-301F-11D3-BF4B-00C04F79EFBC}") = "AttendanceMefSystem", "AttendanceMefSystem\AttendanceMefSystem.csproj", "{0B1419D0-929C-431F-97D2-B2B4057D9AD1}"
EndProject
Project("{2150E333-8FDC-42A3-9474-1A3956D46DE8}") = "Interface", "Interface", "{C04DD5B7-E487-451D-889A-98907A1CB810}"
EndProject
Project("{FAE04EC0-301F-11D3-BF4B-00C04F79EFBC}") = "Attendance.Interface", "Attendance.Interface\Attendance.Interface.csproj", "{02B49273-5F0D-423D-90B2-F80A427F98C3}"
EndProject
Project("{2150E333-8FDC-42A3-9474-1A3956D46DE8}") = "Plug", "Plug", "{FE8BF45F-6DC3-46FD-BBB4-F779A6525837}"
EndProject
Project("{FAE04EC0-301F-11D3-BF4B-00C04F79EFBC}") = "Attendance.Plug1", "Attendance.Plug1\Attendance.Plug1.csproj", "{FF91D20E-F3C9-4A3B-ABCA-B561FAADEE99}"
EndProject
Project("{2150E333-8FDC-42A3-9474-1A3956D46DE8}") = "Skin", "Skin", "{C9D8BC39-DE42-4836-8D7A-B2CC54D1858B}"
EndProject
Project("{FAE04EC0-301F-11D3-BF4B-00C04F79EFBC}") = "Attendance.Skin", "Attendance.Skin\Attendance.Skin.csproj", "{019433D8-D927-4BCB-A0F2-0174B11427D9}"
EndProject
Global
	GlobalSection(SolutionConfigurationPlatforms) = preSolution
		Debug|Any CPU = Debug|Any CPU
		Release|Any CPU = Release|Any CPU
	EndGlobalSection
	GlobalSection(ProjectConfigurationPlatforms) = postSolution
		{0FEF9A2B-791B-43C3-A6C1-B350F326F80E}.Debug|Any CPU.ActiveCfg = Debug|Any CPU
		{0FEF9A2B-791B-43C3-A6C1-B350F326F80E}.Debug|Any CPU.Build.0 = Debug|Any CPU
		{0FEF9A2B-791B-43C3-A6C1-B350F326F80E}.Release|Any CPU.ActiveCfg = Release|Any CPU
		{0FEF9A2B-791B-43C3-A6C1-B350F326F80E}.Release|Any CPU.Build.0 = Release|Any CPU
		{8A70EAE5-588A-4910-AB6D-6FFBBB1437AE}.Debug|Any CPU.ActiveCfg = Debug|Any CPU
		{8A70EAE5-588A-4910-AB6D-6FFBBB1437AE}.Debug|Any CPU.Build.0 = Debug|Any CPU
		{8A70EAE5-588A-4910-AB6D-6FFBBB1437AE}.Release|Any CPU.ActiveCfg = Release|Any CPU
		{8A70EAE5-588A-4910-AB6D-6FFBBB1437AE}.Release|Any CPU.Build.0 = Release|Any CPU
		{4BCE3322-F681-4121-AA74-B07F13D0FB01}.Debug|Any CPU.ActiveCfg = Debug|Any CPU
		{4BCE3322-F681-4121-AA74-B07F13D0FB01}.Debug|Any CPU.Build.0 = Debug|Any CPU
		{4BCE3322-F681-4121-AA74-B07F13D0FB01}.Release|Any CPU.ActiveCfg = Release|Any CPU
		{4BCE3322-F681-4121-AA74-B07F13D0FB01}.Release|Any CPU.Build.0 = Release|Any CPU
		{DCBA98AD-268C-424C-9551-A76C8348E884}.Debug|Any CPU.ActiveCfg = Debug|Any CPU
		{DCBA98AD-268C-424C-9551-A76C8348E884}.Debug|Any CPU.Build.0 = Debug|Any CPU
		{DCBA98AD-268C-424C-9551-A76C8348E884}.Release|Any CPU.ActiveCfg = Release|Any CPU
		{DCBA98AD-268C-424C-9551-A76C8348E884}.Release|Any CPU.Build.0 = Release|Any CPU
		{FB272051-E52A-4AAC-9326-1712CA51AEC4}.Debug|Any CPU.ActiveCfg = Debug|Any CPU
		{FB272051-E52A-4AAC-9326-1712CA51AEC4}.Debug|Any CPU.Build.0 = Debug|Any CPU
		{FB272051-E52A-4AAC-9326-1712CA51AEC4}.Release|Any CPU.ActiveCfg = Release|Any CPU
		{FB272051-E52A-4AAC-9326-1712CA51AEC4}.Release|Any CPU.Build.0 = Release|Any CPU
		{18EB30ED-12EE-4942-998A-FD9C4F791042}.Debug|Any CPU.ActiveCfg = Debug|Any CPU
		{18EB30ED-12EE-4942-998A-FD9C4F791042}.Debug|Any CPU.Build.0 = Debug|Any CPU
		{18EB30ED-12EE-4942-998A-FD9C4F791042}.Release|Any CPU.ActiveCfg = Release|Any CPU
		{18EB30ED-12EE-4942-998A-FD9C4F791042}.Release|Any CPU.Build.0 = Release|Any CPU
		{C3D83E34-5FEC-470A-822A-1E808380DDD2}.Debug|Any CPU.ActiveCfg = Debug|Any CPU
		{C3D83E34-5FEC-470A-822A-1E808380DDD2}.Debug|Any CPU.Build.0 = Debug|Any CPU
		{C3D83E34-5FEC-470A-822A-1E808380DDD2}.Release|Any CPU.ActiveCfg = Release|Any CPU
		{C3D83E34-5FEC-470A-822A-1E808380DDD2}.Release|Any CPU.Build.0 = Release|Any CPU
		{69454410-D46B-4D01-B521-E142B279DFDA}.Debug|Any CPU.ActiveCfg = Debug|Any CPU
		{69454410-D46B-4D01-B521-E142B279DFDA}.Debug|Any CPU.Build.0 = Debug|Any CPU
		{69454410-D46B-4D01-B521-E142B279DFDA}.Release|Any CPU.ActiveCfg = Release|Any CPU
		{69454410-D46B-4D01-B521-E142B279DFDA}.Release|Any CPU.Build.0 = Release|Any CPU
		{1E826D2B-E975-4DA0-B5EF-6A53254F7F90}.Debug|Any CPU.ActiveCfg = Debug|Any CPU
		{1E826D2B-E975-4DA0-B5EF-6A53254F7F90}.Debug|Any CPU.Build.0 = Debug|Any CPU
		{1E826D2B-E975-4DA0-B5EF-6A53254F7F90}.Release|Any CPU.ActiveCfg = Release|Any CPU
		{1E826D2B-E975-4DA0-B5EF-6A53254F7F90}.Release|Any CPU.Build.0 = Release|Any CPU
		{FB324C01-A041-41A8-B213-BC48247B8E88}.Debug|Any CPU.ActiveCfg = Debug|Any CPU
		{FB324C01-A041-41A8-B213-BC48247B8E88}.Debug|Any CPU.Build.0 = Debug|Any CPU
		{FB324C01-A041-41A8-B213-BC48247B8E88}.Release|Any CPU.ActiveCfg = Release|Any CPU
		{FB324C01-A041-41A8-B213-BC48247B8E88}.Release|Any CPU.Build.0 = Release|Any CPU
		{7DC8B0BD-0C12-4BF4-BB0E-C969CFADE8D8}.Debug|Any CPU.ActiveCfg = Debug|Any CPU
		{7DC8B0BD-0C12-4BF4-BB0E-C969CFADE8D8}.Debug|Any CPU.Build.0 = Debug|Any CPU
		{7DC8B0BD-0C12-4BF4-BB0E-C969CFADE8D8}.Release|Any CPU.ActiveCfg = Release|Any CPU
		{7DC8B0BD-0C12-4BF4-BB0E-C969CFADE8D8}.Release|Any CPU.Build.0 = Release|Any CPU
		{D4B9F7B7-37C3-42C9-A7CE-F8D310477846}.Debug|Any CPU.ActiveCfg = Debug|Any CPU
		{D4B9F7B7-37C3-42C9-A7CE-F8D310477846}.Debug|Any CPU.Build.0 = Debug|Any CPU
		{D4B9F7B7-37C3-42C9-A7CE-F8D310477846}.Release|Any CPU.ActiveCfg = Release|Any CPU
		{D4B9F7B7-37C3-42C9-A7CE-F8D310477846}.Release|Any CPU.Build.0 = Release|Any CPU
		{AD74A83E-61EC-45F4-AEB8-CDB296D0F1A7}.Debug|Any CPU.ActiveCfg = Debug|Any CPU
		{AD74A83E-61EC-45F4-AEB8-CDB296D0F1A7}.Debug|Any CPU.Build.0 = Debug|Any CPU
		{AD74A83E-61EC-45F4-AEB8-CDB296D0F1A7}.Release|Any CPU.ActiveCfg = Release|Any CPU
		{AD74A83E-61EC-45F4-AEB8-CDB296D0F1A7}.Release|Any CPU.Build.0 = Release|Any CPU
		{BF291B30-FAAB-40DF-BFF3-B0798BEBC0C9}.Debug|Any CPU.ActiveCfg = Debug|Any CPU
		{BF291B30-FAAB-40DF-BFF3-B0798BEBC0C9}.Debug|Any CPU.Build.0 = Debug|Any CPU
		{BF291B30-FAAB-40DF-BFF3-B0798BEBC0C9}.Release|Any CPU.ActiveCfg = Release|Any CPU
		{BF291B30-FAAB-40DF-BFF3-B0798BEBC0C9}.Release|Any CPU.Build.0 = Release|Any CPU
		{070EF40E-2D7E-410D-8BA3-2821ED92B011}.Debug|Any CPU.ActiveCfg = Debug|Any CPU
		{070EF40E-2D7E-410D-8BA3-2821ED92B011}.Debug|Any CPU.Build.0 = Debug|Any CPU
		{070EF40E-2D7E-410D-8BA3-2821ED92B011}.Release|Any CPU.ActiveCfg = Release|Any CPU
		{070EF40E-2D7E-410D-8BA3-2821ED92B011}.Release|Any CPU.Build.0 = Release|Any CPU
		{292EC06D-1EEC-4F45-A900-0A3492BC20A1}.Debug|Any CPU.ActiveCfg = Debug|Any CPU
		{292EC06D-1EEC-4F45-A900-0A3492BC20A1}.Debug|Any CPU.Build.0 = Debug|Any CPU
		{292EC06D-1EEC-4F45-A900-0A3492BC20A1}.Release|Any CPU.ActiveCfg = Release|Any CPU
		{292EC06D-1EEC-4F45-A900-0A3492BC20A1}.Release|Any CPU.Build.0 = Release|Any CPU
		{C931A910-B521-4CFC-82B7-F56EBD6F04AF}.Debug|Any CPU.ActiveCfg = Debug|Any CPU
		{C931A910-B521-4CFC-82B7-F56EBD6F04AF}.Debug|Any CPU.Build.0 = Debug|Any CPU
		{C931A910-B521-4CFC-82B7-F56EBD6F04AF}.Release|Any CPU.ActiveCfg = Release|Any CPU
		{C931A910-B521-4CFC-82B7-F56EBD6F04AF}.Release|Any CPU.Build.0 = Release|Any CPU
		{BB5ED485-1C6C-44CF-ABF8-5AAD192A5B85}.Debug|Any CPU.ActiveCfg = Debug|Any CPU
		{BB5ED485-1C6C-44CF-ABF8-5AAD192A5B85}.Debug|Any CPU.Build.0 = Debug|Any CPU
		{BB5ED485-1C6C-44CF-ABF8-5AAD192A5B85}.Release|Any CPU.ActiveCfg = Release|Any CPU
		{BB5ED485-1C6C-44CF-ABF8-5AAD192A5B85}.Release|Any CPU.Build.0 = Release|Any CPU
		{EF9036C0-CA34-42BE-9D5C-8BC289D4523D}.Debug|Any CPU.ActiveCfg = Debug|Any CPU
		{EF9036C0-CA34-42BE-9D5C-8BC289D4523D}.Debug|Any CPU.Build.0 = Debug|Any CPU
		{EF9036C0-CA34-42BE-9D5C-8BC289D4523D}.Release|Any CPU.ActiveCfg = Release|Any CPU
		{EF9036C0-CA34-42BE-9D5C-8BC289D4523D}.Release|Any CPU.Build.0 = Release|Any CPU
		{0B1419D0-929C-431F-97D2-B2B4057D9AD1}.Debug|Any CPU.ActiveCfg = Debug|Any CPU
		{0B1419D0-929C-431F-97D2-B2B4057D9AD1}.Debug|Any CPU.Build.0 = Debug|Any CPU
		{0B1419D0-929C-431F-97D2-B2B4057D9AD1}.Release|Any CPU.ActiveCfg = Release|Any CPU
		{0B1419D0-929C-431F-97D2-B2B4057D9AD1}.Release|Any CPU.Build.0 = Release|Any CPU
		{02B49273-5F0D-423D-90B2-F80A427F98C3}.Debug|Any CPU.ActiveCfg = Debug|Any CPU
		{02B49273-5F0D-423D-90B2-F80A427F98C3}.Debug|Any CPU.Build.0 = Debug|Any CPU
		{02B49273-5F0D-423D-90B2-F80A427F98C3}.Release|Any CPU.ActiveCfg = Release|Any CPU
		{02B49273-5F0D-423D-90B2-F80A427F98C3}.Release|Any CPU.Build.0 = Release|Any CPU
		{FF91D20E-F3C9-4A3B-ABCA-B561FAADEE99}.Debug|Any CPU.ActiveCfg = Debug|Any CPU
		{FF91D20E-F3C9-4A3B-ABCA-B561FAADEE99}.Debug|Any CPU.Build.0 = Debug|Any CPU
		{FF91D20E-F3C9-4A3B-ABCA-B561FAADEE99}.Release|Any CPU.ActiveCfg = Release|Any CPU
		{FF91D20E-F3C9-4A3B-ABCA-B561FAADEE99}.Release|Any CPU.Build.0 = Release|Any CPU
		{019433D8-D927-4BCB-A0F2-0174B11427D9}.Debug|Any CPU.ActiveCfg = Debug|Any CPU
		{019433D8-D927-4BCB-A0F2-0174B11427D9}.Debug|Any CPU.Build.0 = Debug|Any CPU
		{019433D8-D927-4BCB-A0F2-0174B11427D9}.Release|Any CPU.ActiveCfg = Release|Any CPU
		{019433D8-D927-4BCB-A0F2-0174B11427D9}.Release|Any CPU.Build.0 = Release|Any CPU
	EndGlobalSection
	GlobalSection(SolutionProperties) = preSolution
		HideSolutionNode = FALSE
	EndGlobalSection
	GlobalSection(NestedProjects) = preSolution
		{C087BF51-4303-4609-831C-BCE3693894D0} = {DA442AEE-2EC5-4847-86CE-2F2741DBDA6C}
		{FB324C01-A041-41A8-B213-BC48247B8E88} = {C087BF51-4303-4609-831C-BCE3693894D0}
		{7DC8B0BD-0C12-4BF4-BB0E-C969CFADE8D8} = {C087BF51-4303-4609-831C-BCE3693894D0}
		{D4B9F7B7-37C3-42C9-A7CE-F8D310477846} = {C087BF51-4303-4609-831C-BCE3693894D0}
		{AD74A83E-61EC-45F4-AEB8-CDB296D0F1A7} = {C087BF51-4303-4609-831C-BCE3693894D0}
		{713BA0A7-1229-45DC-BFA2-42C3519E3775} = {DA442AEE-2EC5-4847-86CE-2F2741DBDA6C}
		{BF291B30-FAAB-40DF-BFF3-B0798BEBC0C9} = {713BA0A7-1229-45DC-BFA2-42C3519E3775}
		{070EF40E-2D7E-410D-8BA3-2821ED92B011} = {713BA0A7-1229-45DC-BFA2-42C3519E3775}
		{292EC06D-1EEC-4F45-A900-0A3492BC20A1} = {713BA0A7-1229-45DC-BFA2-42C3519E3775}
		{C931A910-B521-4CFC-82B7-F56EBD6F04AF} = {713BA0A7-1229-45DC-BFA2-42C3519E3775}
		{BB5ED485-1C6C-44CF-ABF8-5AAD192A5B85} = {713BA0A7-1229-45DC-BFA2-42C3519E3775}
		{EF9036C0-CA34-42BE-9D5C-8BC289D4523D} = {713BA0A7-1229-45DC-BFA2-42C3519E3775}
		{0B1419D0-929C-431F-97D2-B2B4057D9AD1} = {CDDF5CDB-BC07-418A-A5E3-5287D79DCA8D}
		{C04DD5B7-E487-451D-889A-98907A1CB810} = {CDDF5CDB-BC07-418A-A5E3-5287D79DCA8D}
		{02B49273-5F0D-423D-90B2-F80A427F98C3} = {C04DD5B7-E487-451D-889A-98907A1CB810}
		{FE8BF45F-6DC3-46FD-BBB4-F779A6525837} = {CDDF5CDB-BC07-418A-A5E3-5287D79DCA8D}
		{FF91D20E-F3C9-4A3B-ABCA-B561FAADEE99} = {FE8BF45F-6DC3-46FD-BBB4-F779A6525837}
		{C9D8BC39-DE42-4836-8D7A-B2CC54D1858B} = {CDDF5CDB-BC07-418A-A5E3-5287D79DCA8D}
		{019433D8-D927-4BCB-A0F2-0174B11427D9} = {C9D8BC39-DE42-4836-8D7A-B2CC54D1858B}
	EndGlobalSection
	GlobalSection(ExtensibilityGlobals) = postSolution
		SolutionGuid = {EE31A0FD-1FE3-4197-9E22-FA4F062AF5F0}
	EndGlobalSection
EndGlobal
